
Microsoft Visual Studio Solution File, Format Version 12.00
# Visual Studio Version 16
VisualStudioVersion = 16.0.30114.105
MinimumVisualStudioVersion = 10.0.40219.1
Project("{FAE04EC0-301F-11D3-BF4B-00C04F79EFBC}") = "DietMenu.Api.Application", "DietMenu.Api.Application\DietMenu.Api.Application.csproj", "{2970877C-5C75-405D-91DB-E9BE49AA2BC7}"
EndProject
Project("{FAE04EC0-301F-11D3-BF4B-00C04F79EFBC}") = "DietMenu.Api.Domain", "DietMenu.Api.Domain\DietMenu.Api.Domain.csproj", "{292CE2DD-5F8B-4EF9-AFE8-C6D6A27C20A9}"
EndProject
Project("{FAE04EC0-301F-11D3-BF4B-00C04F79EFBC}") = "DietMenu.Api.Infrastructure", "DietMenu.Api.Infrastructure\DietMenu.Api.Infrastructure.csproj", "{B4752056-B2E7-4569-88A6-C3FFC4A973F5}"
EndProject
Project("{FAE04EC0-301F-11D3-BF4B-00C04F79EFBC}") = "DietMenu.Api.WebApi", "DietMenu.Api.WebApi\DietMenu.Api.WebApi.csproj", "{5029BEE3-6484-4E62-8D49-EE9DA7869953}"
EndProject
Global
	GlobalSection(SolutionConfigurationPlatforms) = preSolution
		Debug|Any CPU = Debug|Any CPU
		Release|Any CPU = Release|Any CPU
	EndGlobalSection
	GlobalSection(SolutionProperties) = preSolution
		HideSolutionNode = FALSE
	EndGlobalSection
	GlobalSection(ProjectConfigurationPlatforms) = postSolution
		{2970877C-5C75-405D-91DB-E9BE49AA2BC7}.Debug|Any CPU.ActiveCfg = Debug|Any CPU
		{2970877C-5C75-405D-91DB-E9BE49AA2BC7}.Debug|Any CPU.Build.0 = Debug|Any CPU
		{2970877C-5C75-405D-91DB-E9BE49AA2BC7}.Release|Any CPU.ActiveCfg = Release|Any CPU
		{2970877C-5C75-405D-91DB-E9BE49AA2BC7}.Release|Any CPU.Build.0 = Release|Any CPU
		{292CE2DD-5F8B-4EF9-AFE8-C6D6A27C20A9}.Debug|Any CPU.ActiveCfg = Debug|Any CPU
		{292CE2DD-5F8B-4EF9-AFE8-C6D6A27C20A9}.Debug|Any CPU.Build.0 = Debug|Any CPU
		{292CE2DD-5F8B-4EF9-AFE8-C6D6A27C20A9}.Release|Any CPU.ActiveCfg = Release|Any CPU
		{292CE2DD-5F8B-4EF9-AFE8-C6D6A27C20A9}.Release|Any CPU.Build.0 = Release|Any CPU
		{B4752056-B2E7-4569-88A6-C3FFC4A973F5}.Debug|Any CPU.ActiveCfg = Debug|Any CPU
		{B4752056-B2E7-4569-88A6-C3FFC4A973F5}.Debug|Any CPU.Build.0 = Debug|Any CPU
		{B4752056-B2E7-4569-88A6-C3FFC4A973F5}.Release|Any CPU.ActiveCfg = Release|Any CPU
		{B4752056-B2E7-4569-88A6-C3FFC4A973F5}.Release|Any CPU.Build.0 = Release|Any CPU
		{5029BEE3-6484-4E62-8D49-EE9DA7869953}.Debug|Any CPU.ActiveCfg = Debug|Any CPU
		{5029BEE3-6484-4E62-8D49-EE9DA7869953}.Debug|Any CPU.Build.0 = Debug|Any CPU
		{5029BEE3-6484-4E62-8D49-EE9DA7869953}.Release|Any CPU.ActiveCfg = Release|Any CPU
		{5029BEE3-6484-4E62-8D49-EE9DA7869953}.Release|Any CPU.Build.0 = Release|Any CPU
	EndGlobalSection
EndGlobal
